
Microsoft Visual Studio Solution File, Format Version 12.00
# Visual Studio Version 16
VisualStudioVersion = 16.0.31729.503
MinimumVisualStudioVersion = 10.0.40219.1
Project("{FAE04EC0-301F-11D3-BF4B-00C04F79EFBC}") = "ConsoleApp1", "ConsoleApp1\ConsoleApp1.csproj", "{CD4ACD90-95BF-4D32-9F25-C2475045A9E8}"
EndProject
Global
	GlobalSection(SolutionConfigurationPlatforms) = preSolution
		Debug|Any CPU = Debug|Any CPU
		Release|Any CPU = Release|Any CPU
	EndGlobalSection
	GlobalSection(ProjectConfigurationPlatforms) = postSolution
		{CD4ACD90-95BF-4D32-9F25-C2475045A9E8}.Debug|Any CPU.ActiveCfg = Debug|Any CPU
		{CD4ACD90-95BF-4D32-9F25-C2475045A9E8}.Debug|Any CPU.Build.0 = Debug|Any CPU
		{CD4ACD90-95BF-4D32-9F25-C2475045A9E8}.Release|Any CPU.ActiveCfg = Release|Any CPU
		{CD4ACD90-95BF-4D32-9F25-C2475045A9E8}.Release|Any CPU.Build.0 = Release|Any CPU
	EndGlobalSection
	GlobalSection(SolutionProperties) = preSolution
		HideSolutionNode = FALSE
	EndGlobalSection
	GlobalSection(ExtensibilityGlobals) = postSolution
		SolutionGuid = {A7214781-5E85-434F-A809-4410C5F89407}
	EndGlobalSection
EndGlobal
